
Microsoft Visual Studio Solution File, Format Version 12.00
# Visual Studio 15
VisualStudioVersion = 15.0.27428.2043
MinimumVisualStudioVersion = 10.0.40219.1
Project("{FAE04EC0-301F-11D3-BF4B-00C04F79EFBC}") = "WindowsFormsApp1", "WindowsFormsApp1\WindowsFormsApp1.csproj", "{6278D6D8-3F48-48CE-97A7-2BDBD9E61D8B}"
EndProject
Project("{2150E333-8FDC-42A3-9474-1A3956D46DE8}") = "Solution Items", "Solution Items", "{7DEF7C5B-B624-43B9-A6C5-DA69333DA0D4}"
EndProject
Global
	GlobalSection(SolutionConfigurationPlatforms) = preSolution
		Debug|Any CPU = Debug|Any CPU
		Release|Any CPU = Release|Any CPU
	EndGlobalSection
	GlobalSection(ProjectConfigurationPlatforms) = postSolution
		{6278D6D8-3F48-48CE-97A7-2BDBD9E61D8B}.Debug|Any CPU.ActiveCfg = Debug|Any CPU
		{6278D6D8-3F48-48CE-97A7-2BDBD9E61D8B}.Debug|Any CPU.Build.0 = Debug|Any CPU
		{6278D6D8-3F48-48CE-97A7-2BDBD9E61D8B}.Release|Any CPU.ActiveCfg = Release|Any CPU
		{6278D6D8-3F48-48CE-97A7-2BDBD9E61D8B}.Release|Any CPU.Build.0 = Release|Any CPU
	EndGlobalSection
	GlobalSection(SolutionProperties) = preSolution
		HideSolutionNode = FALSE
	EndGlobalSection
	GlobalSection(ExtensibilityGlobals) = postSolution
		SolutionGuid = {EAF94EFF-B633-4020-B6D7-DAE5A9E44966}
	EndGlobalSection
EndGlobal
